
Microsoft Visual Studio Solution File, Format Version 12.00
# Visual Studio Version 17
VisualStudioVersion = 17.8.34322.80
MinimumVisualStudioVersion = 10.0.40219.1
Project("{FAE04EC0-301F-11D3-BF4B-00C04F79EFBC}") = "Repositories", "Repositories\Repositories.csproj", "{0E014277-116F-4EA3-8209-08EB7E89E5FD}"
EndProject
Global
	GlobalSection(SolutionConfigurationPlatforms) = preSolution
		Debug|Any CPU = Debug|Any CPU
		Release|Any CPU = Release|Any CPU
	EndGlobalSection
	GlobalSection(ProjectConfigurationPlatforms) = postSolution
		{0E014277-116F-4EA3-8209-08EB7E89E5FD}.Debug|Any CPU.ActiveCfg = Debug|Any CPU
		{0E014277-116F-4EA3-8209-08EB7E89E5FD}.Debug|Any CPU.Build.0 = Debug|Any CPU
		{0E014277-116F-4EA3-8209-08EB7E89E5FD}.Release|Any CPU.ActiveCfg = Release|Any CPU
		{0E014277-116F-4EA3-8209-08EB7E89E5FD}.Release|Any CPU.Build.0 = Release|Any CPU
	EndGlobalSection
	GlobalSection(SolutionProperties) = preSolution
		HideSolutionNode = FALSE
	EndGlobalSection
	GlobalSection(ExtensibilityGlobals) = postSolution
		SolutionGuid = {F9EA9DF4-ACE2-43EB-A031-517B0C29376A}
	EndGlobalSection
EndGlobal
