
Microsoft Visual Studio Solution File, Format Version 12.00
# Visual Studio Version 17
VisualStudioVersion = 17.8.34322.80
MinimumVisualStudioVersion = 10.0.40219.1
Project("{9A19103F-16F7-4668-BE54-9A1E7A4F7556}") = "BMICalculator", "BMICalculator\BMICalculator.csproj", "{9394D0B2-B299-42CB-9232-E8EB0CA2F7CD}"
EndProject
Project("{9A19103F-16F7-4668-BE54-9A1E7A4F7556}") = "Math", "Math\Math.csproj", "{382BCCDB-49A0-4F02-A4DE-B1B2996ACEC8}"
EndProject
Project("{FAE04EC0-301F-11D3-BF4B-00C04F79EFBC}") = "CheckReadOnlyParam1", "CheckReadOnlyParam1\CheckReadOnlyParam1.csproj", "{DF629F63-B838-480B-8069-0DF56DD7D804}"
EndProject
Project("{FAE04EC0-301F-11D3-BF4B-00C04F79EFBC}") = "Zodiac", "Zodiac\Zodiac.csproj", "{978E7692-437D-4037-A196-5B9BCD4F909C}"
EndProject
Project("{FAE04EC0-301F-11D3-BF4B-00C04F79EFBC}") = "NewYearStory", "NewYearStory\NewYearStory.csproj", "{7FD1C1A7-5D8A-4D44-B929-0F6B51B59CEC}"
EndProject
Global
	GlobalSection(SolutionConfigurationPlatforms) = preSolution
		Debug|Any CPU = Debug|Any CPU
		Release|Any CPU = Release|Any CPU
	EndGlobalSection
	GlobalSection(ProjectConfigurationPlatforms) = postSolution
		{9394D0B2-B299-42CB-9232-E8EB0CA2F7CD}.Debug|Any CPU.ActiveCfg = Debug|Any CPU
		{9394D0B2-B299-42CB-9232-E8EB0CA2F7CD}.Debug|Any CPU.Build.0 = Debug|Any CPU
		{9394D0B2-B299-42CB-9232-E8EB0CA2F7CD}.Release|Any CPU.ActiveCfg = Release|Any CPU
		{9394D0B2-B299-42CB-9232-E8EB0CA2F7CD}.Release|Any CPU.Build.0 = Release|Any CPU
		{382BCCDB-49A0-4F02-A4DE-B1B2996ACEC8}.Debug|Any CPU.ActiveCfg = Debug|Any CPU
		{382BCCDB-49A0-4F02-A4DE-B1B2996ACEC8}.Debug|Any CPU.Build.0 = Debug|Any CPU
		{382BCCDB-49A0-4F02-A4DE-B1B2996ACEC8}.Release|Any CPU.ActiveCfg = Release|Any CPU
		{382BCCDB-49A0-4F02-A4DE-B1B2996ACEC8}.Release|Any CPU.Build.0 = Release|Any CPU
		{DF629F63-B838-480B-8069-0DF56DD7D804}.Debug|Any CPU.ActiveCfg = Debug|Any CPU
		{DF629F63-B838-480B-8069-0DF56DD7D804}.Debug|Any CPU.Build.0 = Debug|Any CPU
		{DF629F63-B838-480B-8069-0DF56DD7D804}.Release|Any CPU.ActiveCfg = Release|Any CPU
		{DF629F63-B838-480B-8069-0DF56DD7D804}.Release|Any CPU.Build.0 = Release|Any CPU
		{978E7692-437D-4037-A196-5B9BCD4F909C}.Debug|Any CPU.ActiveCfg = Debug|Any CPU
		{978E7692-437D-4037-A196-5B9BCD4F909C}.Debug|Any CPU.Build.0 = Debug|Any CPU
		{978E7692-437D-4037-A196-5B9BCD4F909C}.Release|Any CPU.ActiveCfg = Release|Any CPU
		{978E7692-437D-4037-A196-5B9BCD4F909C}.Release|Any CPU.Build.0 = Release|Any CPU
		{7FD1C1A7-5D8A-4D44-B929-0F6B51B59CEC}.Debug|Any CPU.ActiveCfg = Debug|Any CPU
		{7FD1C1A7-5D8A-4D44-B929-0F6B51B59CEC}.Debug|Any CPU.Build.0 = Debug|Any CPU
		{7FD1C1A7-5D8A-4D44-B929-0F6B51B59CEC}.Release|Any CPU.ActiveCfg = Release|Any CPU
		{7FD1C1A7-5D8A-4D44-B929-0F6B51B59CEC}.Release|Any CPU.Build.0 = Release|Any CPU
	EndGlobalSection
	GlobalSection(SolutionProperties) = preSolution
		HideSolutionNode = FALSE
	EndGlobalSection
	GlobalSection(ExtensibilityGlobals) = postSolution
		SolutionGuid = {C9C39703-FC9D-4E88-9194-6D471C6ED5E2}
	EndGlobalSection
EndGlobal
