
Microsoft Visual Studio Solution File, Format Version 12.00
# Visual Studio Version 17
VisualStudioVersion = 17.8.34511.84
MinimumVisualStudioVersion = 10.0.40219.1
Project("{9A19103F-16F7-4668-BE54-9A1E7A4F7556}") = "DelegateIntro", "DelegateIntro\DelegateIntro.csproj", "{50CF122E-3C5C-49B0-91B0-AE3732455512}"
EndProject
Project("{9A19103F-16F7-4668-BE54-9A1E7A4F7556}") = "LoveStory", "LoveStory\LoveStory.csproj", "{3C01ACFB-0AC2-4526-9E6F-5FE53B15C301}"
EndProject
Project("{9A19103F-16F7-4668-BE54-9A1E7A4F7556}") = "AnonymousFunc", "AnonymousFunc\AnonymousFunc.csproj", "{013929AB-A838-4064-9C2D-F71CF9D06F27}"
EndProject
Project("{9A19103F-16F7-4668-BE54-9A1E7A4F7556}") = "LambdaExpression", "LambdaExpression\LambdaExpression.csproj", "{4007D504-9E76-4CE3-8F9E-8E3D4A41F90E}"
EndProject
Project("{9A19103F-16F7-4668-BE54-9A1E7A4F7556}") = "DelegateOverall", "DelegateOverall\DelegateOverall.csproj", "{336CCBE0-CC89-4DE4-8C2E-7EEA93292C4B}"
EndProject
Project("{9A19103F-16F7-4668-BE54-9A1E7A4F7556}") = "DelegateOverallV2", "DelegateOverallV2\DelegateOverallV2.csproj", "{E9FA21E5-C49E-4796-868F-B6CCCA16A63E}"
EndProject
Project("{9A19103F-16F7-4668-BE54-9A1E7A4F7556}") = "DelegateOverallV3", "DelegateOverallV3\DelegateOverallV3.csproj", "{37C577C1-6DED-42C0-99CB-9B0E9430F551}"
EndProject
Project("{9A19103F-16F7-4668-BE54-9A1E7A4F7556}") = "BuiltInAction", "BuiltInAction\BuiltInAction.csproj", "{5BA4AB41-EC86-4732-B7BB-D5991A6C4C6E}"
EndProject
Project("{9A19103F-16F7-4668-BE54-9A1E7A4F7556}") = "BuiltInActionGeneric", "BuiltInActionGeneric\BuiltInActionGeneric.csproj", "{84FD5251-2637-4938-902A-DF34032B7026}"
EndProject
Project("{FAE04EC0-301F-11D3-BF4B-00C04F79EFBC}") = "BuiltInPredicate", "BuiltInPredicate\BuiltInPredicate.csproj", "{532263D7-F12A-4859-95C2-4A62DCD05A14}"
EndProject
Global
	GlobalSection(SolutionConfigurationPlatforms) = preSolution
		Debug|Any CPU = Debug|Any CPU
		Release|Any CPU = Release|Any CPU
	EndGlobalSection
	GlobalSection(ProjectConfigurationPlatforms) = postSolution
		{50CF122E-3C5C-49B0-91B0-AE3732455512}.Debug|Any CPU.ActiveCfg = Debug|Any CPU
		{50CF122E-3C5C-49B0-91B0-AE3732455512}.Debug|Any CPU.Build.0 = Debug|Any CPU
		{50CF122E-3C5C-49B0-91B0-AE3732455512}.Release|Any CPU.ActiveCfg = Release|Any CPU
		{50CF122E-3C5C-49B0-91B0-AE3732455512}.Release|Any CPU.Build.0 = Release|Any CPU
		{3C01ACFB-0AC2-4526-9E6F-5FE53B15C301}.Debug|Any CPU.ActiveCfg = Debug|Any CPU
		{3C01ACFB-0AC2-4526-9E6F-5FE53B15C301}.Debug|Any CPU.Build.0 = Debug|Any CPU
		{3C01ACFB-0AC2-4526-9E6F-5FE53B15C301}.Release|Any CPU.ActiveCfg = Release|Any CPU
		{3C01ACFB-0AC2-4526-9E6F-5FE53B15C301}.Release|Any CPU.Build.0 = Release|Any CPU
		{013929AB-A838-4064-9C2D-F71CF9D06F27}.Debug|Any CPU.ActiveCfg = Debug|Any CPU
		{013929AB-A838-4064-9C2D-F71CF9D06F27}.Debug|Any CPU.Build.0 = Debug|Any CPU
		{013929AB-A838-4064-9C2D-F71CF9D06F27}.Release|Any CPU.ActiveCfg = Release|Any CPU
		{013929AB-A838-4064-9C2D-F71CF9D06F27}.Release|Any CPU.Build.0 = Release|Any CPU
		{4007D504-9E76-4CE3-8F9E-8E3D4A41F90E}.Debug|Any CPU.ActiveCfg = Debug|Any CPU
		{4007D504-9E76-4CE3-8F9E-8E3D4A41F90E}.Debug|Any CPU.Build.0 = Debug|Any CPU
		{4007D504-9E76-4CE3-8F9E-8E3D4A41F90E}.Release|Any CPU.ActiveCfg = Release|Any CPU
		{4007D504-9E76-4CE3-8F9E-8E3D4A41F90E}.Release|Any CPU.Build.0 = Release|Any CPU
		{336CCBE0-CC89-4DE4-8C2E-7EEA93292C4B}.Debug|Any CPU.ActiveCfg = Debug|Any CPU
		{336CCBE0-CC89-4DE4-8C2E-7EEA93292C4B}.Debug|Any CPU.Build.0 = Debug|Any CPU
		{336CCBE0-CC89-4DE4-8C2E-7EEA93292C4B}.Release|Any CPU.ActiveCfg = Release|Any CPU
		{336CCBE0-CC89-4DE4-8C2E-7EEA93292C4B}.Release|Any CPU.Build.0 = Release|Any CPU
		{E9FA21E5-C49E-4796-868F-B6CCCA16A63E}.Debug|Any CPU.ActiveCfg = Debug|Any CPU
		{E9FA21E5-C49E-4796-868F-B6CCCA16A63E}.Debug|Any CPU.Build.0 = Debug|Any CPU
		{E9FA21E5-C49E-4796-868F-B6CCCA16A63E}.Release|Any CPU.ActiveCfg = Release|Any CPU
		{E9FA21E5-C49E-4796-868F-B6CCCA16A63E}.Release|Any CPU.Build.0 = Release|Any CPU
		{37C577C1-6DED-42C0-99CB-9B0E9430F551}.Debug|Any CPU.ActiveCfg = Debug|Any CPU
		{37C577C1-6DED-42C0-99CB-9B0E9430F551}.Debug|Any CPU.Build.0 = Debug|Any CPU
		{37C577C1-6DED-42C0-99CB-9B0E9430F551}.Release|Any CPU.ActiveCfg = Release|Any CPU
		{37C577C1-6DED-42C0-99CB-9B0E9430F551}.Release|Any CPU.Build.0 = Release|Any CPU
		{5BA4AB41-EC86-4732-B7BB-D5991A6C4C6E}.Debug|Any CPU.ActiveCfg = Debug|Any CPU
		{5BA4AB41-EC86-4732-B7BB-D5991A6C4C6E}.Debug|Any CPU.Build.0 = Debug|Any CPU
		{5BA4AB41-EC86-4732-B7BB-D5991A6C4C6E}.Release|Any CPU.ActiveCfg = Release|Any CPU
		{5BA4AB41-EC86-4732-B7BB-D5991A6C4C6E}.Release|Any CPU.Build.0 = Release|Any CPU
		{84FD5251-2637-4938-902A-DF34032B7026}.Debug|Any CPU.ActiveCfg = Debug|Any CPU
		{84FD5251-2637-4938-902A-DF34032B7026}.Debug|Any CPU.Build.0 = Debug|Any CPU
		{84FD5251-2637-4938-902A-DF34032B7026}.Release|Any CPU.ActiveCfg = Release|Any CPU
		{84FD5251-2637-4938-902A-DF34032B7026}.Release|Any CPU.Build.0 = Release|Any CPU
		{532263D7-F12A-4859-95C2-4A62DCD05A14}.Debug|Any CPU.ActiveCfg = Debug|Any CPU
		{532263D7-F12A-4859-95C2-4A62DCD05A14}.Debug|Any CPU.Build.0 = Debug|Any CPU
		{532263D7-F12A-4859-95C2-4A62DCD05A14}.Release|Any CPU.ActiveCfg = Release|Any CPU
		{532263D7-F12A-4859-95C2-4A62DCD05A14}.Release|Any CPU.Build.0 = Release|Any CPU
	EndGlobalSection
	GlobalSection(SolutionProperties) = preSolution
		HideSolutionNode = FALSE
	EndGlobalSection
	GlobalSection(ExtensibilityGlobals) = postSolution
		SolutionGuid = {31074715-07D8-4F9E-88C2-A2AFC2205B79}
	EndGlobalSection
EndGlobal
